// !$*UTF8*$!
{
	archiveVersion = 1;
	classes = {
	};
	objectVersion = 50;
	objects = {

/* Begin PBXBuildFile section */
		4E3448972617F80D0001C35D /* bridgeFigures.cpp in Sources */ = {isa = PBXBuildFile; fileRef = 4E3448962617F80D0001C35D /* bridgeFigures.cpp */; };
		4E3448A32617FA7A0001C35D /* CarBuyer.cpp in Sources */ = {isa = PBXBuildFile; fileRef = 4E3448A12617FA7A0001C35D /* CarBuyer.cpp */; };
		4E3448A82617FB3A0001C35D /* CarFactory.cpp in Sources */ = {isa = PBXBuildFile; fileRef = 4E3448A62617FB3A0001C35D /* CarFactory.cpp */; };
		4E3448AB2617FBED0001C35D /* CarTest.cpp in Sources */ = {isa = PBXBuildFile; fileRef = 4E3448AA2617FBED0001C35D /* CarTest.cpp */; };
/* End PBXBuildFile section */

/* Begin PBXCopyFilesBuildPhase section */
		4E3448912617F80D0001C35D /* CopyFiles */ = {
			isa = PBXCopyFilesBuildPhase;
			buildActionMask = 2147483647;
			dstPath = /usr/share/man/man1/;
			dstSubfolderSpec = 0;
			files = (
			);
			runOnlyForDeploymentPostprocessing = 1;
		};
/* End PBXCopyFilesBuildPhase section */

/* Begin PBXFileReference section */
		4E3448932617F80D0001C35D /* lab9 */ = {isa = PBXFileReference; explicitFileType = "compiled.mach-o.executable"; includeInIndex = 0; path = lab9; sourceTree = BUILT_PRODUCTS_DIR; };
		4E3448962617F80D0001C35D /* bridgeFigures.cpp */ = {isa = PBXFileReference; lastKnownFileType = sourcecode.cpp.cpp; path = bridgeFigures.cpp; sourceTree = "<group>"; };
		4E3448A12617FA7A0001C35D /* CarBuyer.cpp */ = {isa = PBXFileReference; lastKnownFileType = sourcecode.cpp.cpp; path = CarBuyer.cpp; sourceTree = "<group>"; };
		4E3448A62617FB3A0001C35D /* CarFactory.cpp */ = {isa = PBXFileReference; lastKnownFileType = sourcecode.cpp.cpp; path = CarFactory.cpp; sourceTree = "<group>"; };
		4E3448A72617FB3A0001C35D /* CarFactory.hpp */ = {isa = PBXFileReference; lastKnownFileType = sourcecode.cpp.h; path = CarFactory.hpp; sourceTree = "<group>"; };
		4E3448AA2617FBED0001C35D /* CarTest.cpp */ = {isa = PBXFileReference; lastKnownFileType = sourcecode.cpp.cpp; path = CarTest.cpp; sourceTree = "<group>"; };
/* End PBXFileReference section */

/* Begin PBXFrameworksBuildPhase section */
		4E3448902617F80D0001C35D /* Frameworks */ = {
			isa = PBXFrameworksBuildPhase;
			buildActionMask = 2147483647;
			files = (
			);
			runOnlyForDeploymentPostprocessing = 0;
		};
/* End PBXFrameworksBuildPhase section */

/* Begin PBXGroup section */
		4E34488A2617F80D0001C35D = {
			isa = PBXGroup;
			children = (
				4E3448952617F80D0001C35D /* lab9 */,
				4E3448942617F80D0001C35D /* Products */,
			);
			sourceTree = "<group>";
		};
		4E3448942617F80D0001C35D /* Products */ = {
			isa = PBXGroup;
			children = (
				4E3448932617F80D0001C35D /* lab9 */,
			);
			name = Products;
			sourceTree = "<group>";
		};
		4E3448952617F80D0001C35D /* lab9 */ = {
			isa = PBXGroup;
			children = (
				4E3448A02617F9430001C35D /* car_factory */,
				4E34489F2617F92E0001C35D /* bridge_figures */,
			);
			path = lab9;
			sourceTree = "<group>";
		};
		4E34489F2617F92E0001C35D /* bridge_figures */ = {
			isa = PBXGroup;
			children = (
				4E3448962617F80D0001C35D /* bridgeFigures.cpp */,
			);
			path = bridge_figures;
			sourceTree = "<group>";
		};
		4E3448A02617F9430001C35D /* car_factory */ = {
			isa = PBXGroup;
			children = (
				4E3448A12617FA7A0001C35D /* CarBuyer.cpp */,
				4E3448A62617FB3A0001C35D /* CarFactory.cpp */,
				4E3448A72617FB3A0001C35D /* CarFactory.hpp */,
				4E3448AA2617FBED0001C35D /* CarTest.cpp */,
			);
			path = car_factory;
			sourceTree = "<group>";
		};
/* End PBXGroup section */

/* Begin PBXNativeTarget section */
		4E3448922617F80D0001C35D /* lab9 */ = {
			isa = PBXNativeTarget;
			buildConfigurationList = 4E34489A2617F80D0001C35D /* Build configuration list for PBXNativeTarget "lab9" */;
			buildPhases = (
				4E34488F2617F80D0001C35D /* Sources */,
				4E3448902617F80D0001C35D /* Frameworks */,
				4E3448912617F80D0001C35D /* CopyFiles */,
			);
			buildRules = (
			);
			dependencies = (
			);
			name = lab9;
			productName = lab9;
			productReference = 4E3448932617F80D0001C35D /* lab9 */;
			productType = "com.apple.product-type.tool";
		};
/* End PBXNativeTarget section */

/* Begin PBXProject section */
		4E34488B2617F80D0001C35D /* Project object */ = {
			isa = PBXProject;
			attributes = {
				LastUpgradeCheck = 1240;
				TargetAttributes = {
					4E3448922617F80D0001C35D = {
						CreatedOnToolsVersion = 12.4;
					};
				};
			};
			buildConfigurationList = 4E34488E2617F80D0001C35D /* Build configuration list for PBXProject "lab9" */;
			compatibilityVersion = "Xcode 9.3";
			developmentRegion = en;
			hasScannedForEncodings = 0;
			knownRegions = (
				en,
				Base,
			);
			mainGroup = 4E34488A2617F80D0001C35D;
			productRefGroup = 4E3448942617F80D0001C35D /* Products */;
			projectDirPath = "";
			projectRoot = "";
			targets = (
				4E3448922617F80D0001C35D /* lab9 */,
			);
		};
/* End PBXProject section */

/* Begin PBXSourcesBuildPhase section */
		4E34488F2617F80D0001C35D /* Sources */ = {
			isa = PBXSourcesBuildPhase;
			buildActionMask = 2147483647;
			files = (
				4E3448A32617FA7A0001C35D /* CarBuyer.cpp in Sources */,
				4E3448A82617FB3A0001C35D /* CarFactory.cpp in Sources */,
				4E3448AB2617FBED0001C35D /* CarTest.cpp in Sources */,
				4E3448972617F80D0001C35D /* bridgeFigures.cpp in Sources */,
			);
			runOnlyForDeploymentPostprocessing = 0;
		};
/* End PBXSourcesBuildPhase section */

/* Begin XCBuildConfiguration section */
		4E3448982617F80D0001C35D /* Debug */ = {
			isa = XCBuildConfiguration;
			buildSettings = {
				ALWAYS_SEARCH_USER_PATHS = NO;
				CLANG_ANALYZER_NONNULL = YES;
				CLANG_ANALYZER_NUMBER_OBJECT_CONVERSION = YES_AGGRESSIVE;
				CLANG_CXX_LANGUAGE_STANDARD = "gnu++14";
				CLANG_CXX_LIBRARY = "libc++";
				CLANG_ENABLE_MODULES = YES;
				CLANG_ENABLE_OBJC_ARC = YES;
				CLANG_ENABLE_OBJC_WEAK = YES;
				CLANG_WARN_BLOCK_CAPTURE_AUTORELEASING = YES;
				CLANG_WARN_BOOL_CONVERSION = YES;
				CLANG_WARN_COMMA = YES;
				CLANG_WARN_CONSTANT_CONVERSION = YES;
				CLANG_WARN_DEPRECATED_OBJC_IMPLEMENTATIONS = YES;
				CLANG_WARN_DIRECT_OBJC_ISA_USAGE = YES_ERROR;
				CLANG_WARN_DOCUMENTATION_COMMENTS = YES;
				CLANG_WARN_EMPTY_BODY = YES;
				CLANG_WARN_ENUM_CONVERSION = YES;
				CLANG_WARN_INFINITE_RECURSION = YES;
				CLANG_WARN_INT_CONVERSION = YES;
				CLANG_WARN_NON_LITERAL_NULL_CONVERSION = YES;
				CLANG_WARN_OBJC_IMPLICIT_RETAIN_SELF = YES;
				CLANG_WARN_OBJC_LITERAL_CONVERSION = YES;
				CLANG_WARN_OBJC_ROOT_CLASS = YES_ERROR;
				CLANG_WARN_QUOTED_INCLUDE_IN_FRAMEWORK_HEADER = YES;
				CLANG_WARN_RANGE_LOOP_ANALYSIS = YES;
				CLANG_WARN_STRICT_PROTOTYPES = YES;
				CLANG_WARN_SUSPICIOUS_MOVE = YES;
				CLANG_WARN_UNGUARDED_AVAILABILITY = YES_AGGRESSIVE;
				CLANG_WARN_UNREACHABLE_CODE = YES;
				CLANG_WARN__DUPLICATE_METHOD_MATCH = YES;
				COPY_PHASE_STRIP = NO;
				DEBUG_INFORMATION_FORMAT = dwarf;
				ENABLE_STRICT_OBJC_MSGSEND = YES;
				ENABLE_TESTABILITY = YES;
				GCC_C_LANGUAGE_STANDARD = gnu11;
				GCC_DYNAMIC_NO_PIC = NO;
				GCC_NO_COMMON_BLOCKS = YES;
				GCC_OPTIMIZATION_LEVEL = 0;
				GCC_PREPROCESSOR_DEFINITIONS = (
					"DEBUG=1",
					"$(inherited)",
				);
				GCC_WARN_64_TO_32_BIT_CONVERSION = YES;
				GCC_WARN_ABOUT_RETURN_TYPE = YES_ERROR;
				GCC_WARN_UNDECLARED_SELECTOR = YES;
				GCC_WARN_UNINITIALIZED_AUTOS = YES_AGGRESSIVE;
				GCC_WARN_UNUSED_FUNCTION = YES;
				GCC_WARN_UNUSED_VARIABLE = YES;
				MACOSX_DEPLOYMENT_TARGET = 10.15;
				MTL_ENABLE_DEBUG_INFO = INCLUDE_SOURCE;
				MTL_FAST_MATH = YES;
				ONLY_ACTIVE_ARCH = YES;
				SDKROOT = macosx;
			};
			name = Debug;
		};
		4E3448992617F80D0001C35D /* Release */ = {
			isa = XCBuildConfiguration;
			buildSettings = {
				ALWAYS_SEARCH_USER_PATHS = NO;
				CLANG_ANALYZER_NONNULL = YES;
				CLANG_ANALYZER_NUMBER_OBJECT_CONVERSION = YES_AGGRESSIVE;
				CLANG_CXX_LANGUAGE_STANDARD = "gnu++14";
				CLANG_CXX_LIBRARY = "libc++";
				CLANG_ENABLE_MODULES = YES;
				CLANG_ENABLE_OBJC_ARC = YES;
				CLANG_ENABLE_OBJC_WEAK = YES;
				CLANG_WARN_BLOCK_CAPTURE_AUTORELEASING = YES;
				CLANG_WARN_BOOL_CONVERSION = YES;
				CLANG_WARN_COMMA = YES;
				CLANG_WARN_CONSTANT_CONVERSION = YES;
				CLANG_WARN_DEPRECATED_OBJC_IMPLEMENTATIONS = YES;
				CLANG_WARN_DIRECT_OBJC_ISA_USAGE = YES_ERROR;
				CLANG_WARN_DOCUMENTATION_COMMENTS = YES;
				CLANG_WARN_EMPTY_BODY = YES;
				CLANG_WARN_ENUM_CONVERSION = YES;
				CLANG_WARN_INFINITE_RECURSION = YES;
				CLANG_WARN_INT_CONVERSION = YES;
				CLANG_WARN_NON_LITERAL_NULL_CONVERSION = YES;
				CLANG_WARN_OBJC_IMPLICIT_RETAIN_SELF = YES;
				CLANG_WARN_OBJC_LITERAL_CONVERSION = YES;
				CLANG_WARN_OBJC_ROOT_CLASS = YES_ERROR;
				CLANG_WARN_QUOTED_INCLUDE_IN_FRAMEWORK_HEADER = YES;
				CLANG_WARN_RANGE_LOOP_ANALYSIS = YES;
				CLANG_WARN_STRICT_PROTOTYPES = YES;
				CLANG_WARN_SUSPICIOUS_MOVE = YES;
				CLANG_WARN_UNGUARDED_AVAILABILITY = YES_AGGRESSIVE;
				CLANG_WARN_UNREACHABLE_CODE = YES;
				CLANG_WARN__DUPLICATE_METHOD_MATCH = YES;
				COPY_PHASE_STRIP = NO;
				DEBUG_INFORMATION_FORMAT = "dwarf-with-dsym";
				ENABLE_NS_ASSERTIONS = NO;
				ENABLE_STRICT_OBJC_MSGSEND = YES;
				GCC_C_LANGUAGE_STANDARD = gnu11;
				GCC_NO_COMMON_BLOCKS = YES;
				GCC_WARN_64_TO_32_BIT_CONVERSION = YES;
				GCC_WARN_ABOUT_RETURN_TYPE = YES_ERROR;
				GCC_WARN_UNDECLARED_SELECTOR = YES;
				GCC_WARN_UNINITIALIZED_AUTOS = YES_AGGRESSIVE;
				GCC_WARN_UNUSED_FUNCTION = YES;
				GCC_WARN_UNUSED_VARIABLE = YES;
				MACOSX_DEPLOYMENT_TARGET = 10.15;
				MTL_ENABLE_DEBUG_INFO = NO;
				MTL_FAST_MATH = YES;
				SDKROOT = macosx;
			};
			name = Release;
		};
		4E34489B2617F80D0001C35D /* Debug */ = {
			isa = XCBuildConfiguration;
			buildSettings = {
				CODE_SIGN_STYLE = Automatic;
				PRODUCT_NAME = "$(TARGET_NAME)";
			};
			name = Debug;
		};
		4E34489C2617F80D0001C35D /* Release */ = {
			isa = XCBuildConfiguration;
			buildSettings = {
				CODE_SIGN_STYLE = Automatic;
				PRODUCT_NAME = "$(TARGET_NAME)";
			};
			name = Release;
		};
/* End XCBuildConfiguration section */

/* Begin XCConfigurationList section */
		4E34488E2617F80D0001C35D /* Build configuration list for PBXProject "lab9" */ = {
			isa = XCConfigurationList;
			buildConfigurations = (
				4E3448982617F80D0001C35D /* Debug */,
				4E3448992617F80D0001C35D /* Release */,
			);
			defaultConfigurationIsVisible = 0;
			defaultConfigurationName = Release;
		};
		4E34489A2617F80D0001C35D /* Build configuration list for PBXNativeTarget "lab9" */ = {
			isa = XCConfigurationList;
			buildConfigurations = (
				4E34489B2617F80D0001C35D /* Debug */,
				4E34489C2617F80D0001C35D /* Release */,
			);
			defaultConfigurationIsVisible = 0;
			defaultConfigurationName = Release;
		};
/* End XCConfigurationList section */
	};
	rootObject = 4E34488B2617F80D0001C35D /* Project object */;
}
